
Microsoft Visual Studio Solution File, Format Version 12.00
# Visual Studio Version 16
VisualStudioVersion = 16.0.31624.102
MinimumVisualStudioVersion = 10.0.40219.1
Project("{2150E333-8FDC-42A3-9474-1A3956D46DE8}") = "0 - apresentacao", "0 - apresentacao", "{5013579B-C328-40A0-A72B-03587154681E}"
EndProject
Project("{9A19103F-16F7-4668-BE54-9A1E7A4F7556}") = "iBarber WebApp", "iBarber WebApp\iBarber WebApp.csproj", "{E353CC27-8180-46F4-B44E-4D4A39E7EDFA}"
EndProject
Project("{FAE04EC0-301F-11D3-BF4B-00C04F79EFBC}") = "iBarber.Dados", "iBarber.Dados\iBarber.Dados.csproj", "{DC609FFB-0061-425B-BF55-78D3DF15169F}"
EndProject
Project("{FAE04EC0-301F-11D3-BF4B-00C04F79EFBC}") = "iBarber.Modelos", "iBarber.Modelos\iBarber.Modelos.csproj", "{F8FC87A1-E2C0-40EA-9CD6-A7AE278119BB}"
EndProject
Global
	GlobalSection(SolutionConfigurationPlatforms) = preSolution
		Debug|Any CPU = Debug|Any CPU
		Release|Any CPU = Release|Any CPU
	EndGlobalSection
	GlobalSection(ProjectConfigurationPlatforms) = postSolution
		{E353CC27-8180-46F4-B44E-4D4A39E7EDFA}.Debug|Any CPU.ActiveCfg = Debug|Any CPU
		{E353CC27-8180-46F4-B44E-4D4A39E7EDFA}.Debug|Any CPU.Build.0 = Debug|Any CPU
		{E353CC27-8180-46F4-B44E-4D4A39E7EDFA}.Release|Any CPU.ActiveCfg = Release|Any CPU
		{E353CC27-8180-46F4-B44E-4D4A39E7EDFA}.Release|Any CPU.Build.0 = Release|Any CPU
		{DC609FFB-0061-425B-BF55-78D3DF15169F}.Debug|Any CPU.ActiveCfg = Debug|Any CPU
		{DC609FFB-0061-425B-BF55-78D3DF15169F}.Debug|Any CPU.Build.0 = Debug|Any CPU
		{DC609FFB-0061-425B-BF55-78D3DF15169F}.Release|Any CPU.ActiveCfg = Release|Any CPU
		{DC609FFB-0061-425B-BF55-78D3DF15169F}.Release|Any CPU.Build.0 = Release|Any CPU
		{F8FC87A1-E2C0-40EA-9CD6-A7AE278119BB}.Debug|Any CPU.ActiveCfg = Debug|Any CPU
		{F8FC87A1-E2C0-40EA-9CD6-A7AE278119BB}.Debug|Any CPU.Build.0 = Debug|Any CPU
		{F8FC87A1-E2C0-40EA-9CD6-A7AE278119BB}.Release|Any CPU.ActiveCfg = Release|Any CPU
		{F8FC87A1-E2C0-40EA-9CD6-A7AE278119BB}.Release|Any CPU.Build.0 = Release|Any CPU
	EndGlobalSection
	GlobalSection(SolutionProperties) = preSolution
		HideSolutionNode = FALSE
	EndGlobalSection
	GlobalSection(NestedProjects) = preSolution
		{E353CC27-8180-46F4-B44E-4D4A39E7EDFA} = {5013579B-C328-40A0-A72B-03587154681E}
	EndGlobalSection
	GlobalSection(ExtensibilityGlobals) = postSolution
		SolutionGuid = {71A66276-F0F9-44DD-92AF-C58D73F077AB}
	EndGlobalSection
EndGlobal
